// !$*UTF8*$!
{
	archiveVersion = 1;
	classes = {
	};
	objectVersion = 46;
	objects = {

/* Begin PBXBuildFile section */
		A7095A9D1E04E6370071D0EE /* main.m in Sources */ = {isa = PBXBuildFile; fileRef = A7095A9C1E04E6370071D0EE /* main.m */; };
		A7095AA01E04E6370071D0EE /* AppDelegate.m in Sources */ = {isa = PBXBuildFile; fileRef = A7095A9F1E04E6370071D0EE /* AppDelegate.m */; };
		A7095AA61E04E6370071D0EE /* Main.storyboard in Resources */ = {isa = PBXBuildFile; fileRef = A7095AA41E04E6370071D0EE /* Main.storyboard */; };
		A7095AA81E04E6370071D0EE /* Assets.xcassets in Resources */ = {isa = PBXBuildFile; fileRef = A7095AA71E04E6370071D0EE /* Assets.xcassets */; };
		A7095AAB1E04E6370071D0EE /* LaunchScreen.storyboard in Resources */ = {isa = PBXBuildFile; fileRef = A7095AA91E04E6370071D0EE /* LaunchScreen.storyboard */; };
		A7095AB61E04E6370071D0EE /* CoreLocationToolTests.m in Sources */ = {isa = PBXBuildFile; fileRef = A7095AB51E04E6370071D0EE /* CoreLocationToolTests.m */; };
		A7095AC11E04E6370071D0EE /* CoreLocationToolUITests.m in Sources */ = {isa = PBXBuildFile; fileRef = A7095AC01E04E6370071D0EE /* CoreLocationToolUITests.m */; };
		A7144FA01E2A29670058C721 /* SLLocationTool.m in Sources */ = {isa = PBXBuildFile; fileRef = A7144F9D1E2A29670058C721 /* SLLocationTool.m */; };
		A7144FA11E2A29670058C721 /* ViewController.m in Sources */ = {isa = PBXBuildFile; fileRef = A7144F9F1E2A29670058C721 /* ViewController.m */; };
/* End PBXBuildFile section */

/* Begin PBXContainerItemProxy section */
		A7095AB21E04E6370071D0EE /* PBXContainerItemProxy */ = {
			isa = PBXContainerItemProxy;
			containerPortal = A7095A901E04E6370071D0EE /* Project object */;
			proxyType = 1;
			remoteGlobalIDString = A7095A971E04E6370071D0EE;
			remoteInfo = CoreLocationTool;
		};
		A7095ABD1E04E6370071D0EE /* PBXContainerItemProxy */ = {
			isa = PBXContainerItemProxy;
			containerPortal = A7095A901E04E6370071D0EE /* Project object */;
			proxyType = 1;
			remoteGlobalIDString = A7095A971E04E6370071D0EE;
			remoteInfo = CoreLocationTool;
		};
/* End PBXContainerItemProxy section */

/* Begin PBXFileReference section */
		A7095A981E04E6370071D0EE /* CoreLocationTool.app */ = {isa = PBXFileReference; explicitFileType = wrapper.application; includeInIndex = 0; path = CoreLocationTool.app; sourceTree = BUILT_PRODUCTS_DIR; };
		A7095A9C1E04E6370071D0EE /* main.m */ = {isa = PBXFileReference; lastKnownFileType = sourcecode.c.objc; path = main.m; sourceTree = "<group>"; };
		A7095A9E1E04E6370071D0EE /* AppDelegate.h */ = {isa = PBXFileReference; lastKnownFileType = sourcecode.c.h; path = AppDelegate.h; sourceTree = "<group>"; };
		A7095A9F1E04E6370071D0EE /* AppDelegate.m */ = {isa = PBXFileReference; lastKnownFileType = sourcecode.c.objc; path = AppDelegate.m; sourceTree = "<group>"; };
		A7095AA51E04E6370071D0EE /* Base */ = {isa = PBXFileReference; lastKnownFileType = file.storyboard; name = Base; path = Base.lproj/Main.storyboard; sourceTree = "<group>"; };
		A7095AA71E04E6370071D0EE /* Assets.xcassets */ = {isa = PBXFileReference; lastKnownFileType = folder.assetcatalog; path = Assets.xcassets; sourceTree = "<group>"; };
		A7095AAA1E04E6370071D0EE /* Base */ = {isa = PBXFileReference; lastKnownFileType = file.storyboard; name = Base; path = Base.lproj/LaunchScreen.storyboard; sourceTree = "<group>"; };
		A7095AAC1E04E6370071D0EE /* Info.plist */ = {isa = PBXFileReference; lastKnownFileType = text.plist.xml; path = Info.plist; sourceTree = "<group>"; };
		A7095AB11E04E6370071D0EE /* CoreLocationToolTests.xctest */ = {isa = PBXFileReference; explicitFileType = wrapper.cfbundle; includeInIndex = 0; path = CoreLocationToolTests.xctest; sourceTree = BUILT_PRODUCTS_DIR; };
		A7095AB51E04E6370071D0EE /* CoreLocationToolTests.m */ = {isa = PBXFileReference; lastKnownFileType = sourcecode.c.objc; path = CoreLocationToolTests.m; sourceTree = "<group>"; };
		A7095AB71E04E6370071D0EE /* Info.plist */ = {isa = PBXFileReference; lastKnownFileType = text.plist.xml; path = Info.plist; sourceTree = "<group>"; };
		A7095ABC1E04E6370071D0EE /* CoreLocationToolUITests.xctest */ = {isa = PBXFileReference; explicitFileType = wrapper.cfbundle; includeInIndex = 0; path = CoreLocationToolUITests.xctest; sourceTree = BUILT_PRODUCTS_DIR; };
		A7095AC01E04E6370071D0EE /* CoreLocationToolUITests.m */ = {isa = PBXFileReference; lastKnownFileType = sourcecode.c.objc; path = CoreLocationToolUITests.m; sourceTree = "<group>"; };
		A7095AC21E04E6370071D0EE /* Info.plist */ = {isa = PBXFileReference; lastKnownFileType = text.plist.xml; path = Info.plist; sourceTree = "<group>"; };
		A7144F9C1E2A29670058C721 /* SLLocationTool.h */ = {isa = PBXFileReference; fileEncoding = 4; lastKnownFileType = sourcecode.c.h; path = SLLocationTool.h; sourceTree = "<group>"; };
		A7144F9D1E2A29670058C721 /* SLLocationTool.m */ = {isa = PBXFileReference; fileEncoding = 4; lastKnownFileType = sourcecode.c.objc; path = SLLocationTool.m; sourceTree = "<group>"; };
		A7144F9E1E2A29670058C721 /* ViewController.h */ = {isa = PBXFileReference; fileEncoding = 4; lastKnownFileType = sourcecode.c.h; path = ViewController.h; sourceTree = "<group>"; };
		A7144F9F1E2A29670058C721 /* ViewController.m */ = {isa = PBXFileReference; fileEncoding = 4; lastKnownFileType = sourcecode.c.objc; path = ViewController.m; sourceTree = "<group>"; };
/* End PBXFileReference section */

/* Begin PBXFrameworksBuildPhase section */
		A7095A951E04E6370071D0EE /* Frameworks */ = {
			isa = PBXFrameworksBuildPhase;
			buildActionMask = 2147483647;
			files = (
			);
			runOnlyForDeploymentPostprocessing = 0;
		};
		A7095AAE1E04E6370071D0EE /* Frameworks */ = {
			isa = PBXFrameworksBuildPhase;
			buildActionMask = 2147483647;
			files = (
			);
			runOnlyForDeploymentPostprocessing = 0;
		};
		A7095AB91E04E6370071D0EE /* Frameworks */ = {
			isa = PBXFrameworksBuildPhase;
			buildActionMask = 2147483647;
			files = (
			);
			runOnlyForDeploymentPostprocessing = 0;
		};
/* End PBXFrameworksBuildPhase section */

/* Begin PBXGroup section */
		A7095A8F1E04E6370071D0EE = {
			isa = PBXGroup;
			children = (
				A7095A9A1E04E6370071D0EE /* CoreLocationTool */,
				A7095AB41E04E6370071D0EE /* CoreLocationToolTests */,
				A7095ABF1E04E6370071D0EE /* CoreLocationToolUITests */,
				A7095A991E04E6370071D0EE /* Products */,
			);
			sourceTree = "<group>";
		};
		A7095A991E04E6370071D0EE /* Products */ = {
			isa = PBXGroup;
			children = (
				A7095A981E04E6370071D0EE /* CoreLocationTool.app */,
				A7095AB11E04E6370071D0EE /* CoreLocationToolTests.xctest */,
				A7095ABC1E04E6370071D0EE /* CoreLocationToolUITests.xctest */,
			);
			name = Products;
			sourceTree = "<group>";
		};
		A7095A9A1E04E6370071D0EE /* CoreLocationTool */ = {
			isa = PBXGroup;
			children = (
				A7144F9C1E2A29670058C721 /* SLLocationTool.h */,
				A7144F9D1E2A29670058C721 /* SLLocationTool.m */,
				A7144F9E1E2A29670058C721 /* ViewController.h */,
				A7144F9F1E2A29670058C721 /* ViewController.m */,
				A7095A9E1E04E6370071D0EE /* AppDelegate.h */,
				A7095A9F1E04E6370071D0EE /* AppDelegate.m */,
				A7095AA41E04E6370071D0EE /* Main.storyboard */,
				A7095AA71E04E6370071D0EE /* Assets.xcassets */,
				A7095AA91E04E6370071D0EE /* LaunchScreen.storyboard */,
				A7095AAC1E04E6370071D0EE /* Info.plist */,
				A7095A9B1E04E6370071D0EE /* Supporting Files */,
			);
			path = CoreLocationTool;
			sourceTree = "<group>";
		};
		A7095A9B1E04E6370071D0EE /* Supporting Files */ = {
			isa = PBXGroup;
			children = (
				A7095A9C1E04E6370071D0EE /* main.m */,
			);
			name = "Supporting Files";
			sourceTree = "<group>";
		};
		A7095AB41E04E6370071D0EE /* CoreLocationToolTests */ = {
			isa = PBXGroup;
			children = (
				A7095AB51E04E6370071D0EE /* CoreLocationToolTests.m */,
				A7095AB71E04E6370071D0EE /* Info.plist */,
			);
			path = CoreLocationToolTests;
			sourceTree = "<group>";
		};
		A7095ABF1E04E6370071D0EE /* CoreLocationToolUITests */ = {
			isa = PBXGroup;
			children = (
				A7095AC01E04E6370071D0EE /* CoreLocationToolUITests.m */,
				A7095AC21E04E6370071D0EE /* Info.plist */,
			);
			path = CoreLocationToolUITests;
			sourceTree = "<group>";
		};
/* End PBXGroup section */

/* Begin PBXNativeTarget section */
		A7095A971E04E6370071D0EE /* CoreLocationTool */ = {
			isa = PBXNativeTarget;
			buildConfigurationList = A7095AC51E04E6370071D0EE /* Build configuration list for PBXNativeTarget "CoreLocationTool" */;
			buildPhases = (
				A7095A941E04E6370071D0EE /* Sources */,
				A7095A951E04E6370071D0EE /* Frameworks */,
				A7095A961E04E6370071D0EE /* Resources */,
			);
			buildRules = (
			);
			dependencies = (
			);
			name = CoreLocationTool;
			productName = CoreLocationTool;
			productReference = A7095A981E04E6370071D0EE /* CoreLocationTool.app */;
			productType = "com.apple.product-type.application";
		};
		A7095AB01E04E6370071D0EE /* CoreLocationToolTests */ = {
			isa = PBXNativeTarget;
			buildConfigurationList = A7095AC81E04E6370071D0EE /* Build configuration list for PBXNativeTarget "CoreLocationToolTests" */;
			buildPhases = (
				A7095AAD1E04E6370071D0EE /* Sources */,
				A7095AAE1E04E6370071D0EE /* Frameworks */,
				A7095AAF1E04E6370071D0EE /* Resources */,
			);
			buildRules = (
			);
			dependencies = (
				A7095AB31E04E6370071D0EE /* PBXTargetDependency */,
			);
			name = CoreLocationToolTests;
			productName = CoreLocationToolTests;
			productReference = A7095AB11E04E6370071D0EE /* CoreLocationToolTests.xctest */;
			productType = "com.apple.product-type.bundle.unit-test";
		};
		A7095ABB1E04E6370071D0EE /* CoreLocationToolUITests */ = {
			isa = PBXNativeTarget;
			buildConfigurationList = A7095ACB1E04E6370071D0EE /* Build configuration list for PBXNativeTarget "CoreLocationToolUITests" */;
			buildPhases = (
				A7095AB81E04E6370071D0EE /* Sources */,
				A7095AB91E04E6370071D0EE /* Frameworks */,
				A7095ABA1E04E6370071D0EE /* Resources */,
			);
			buildRules = (
			);
			dependencies = (
				A7095ABE1E04E6370071D0EE /* PBXTargetDependency */,
			);
			name = CoreLocationToolUITests;
			productName = CoreLocationToolUITests;
			productReference = A7095ABC1E04E6370071D0EE /* CoreLocationToolUITests.xctest */;
			productType = "com.apple.product-type.bundle.ui-testing";
		};
/* End PBXNativeTarget section */

/* Begin PBXProject section */
		A7095A901E04E6370071D0EE /* Project object */ = {
			isa = PBXProject;
			attributes = {
				LastUpgradeCheck = 0820;
				ORGANIZATIONNAME = Melody;
				TargetAttributes = {
					A7095A971E04E6370071D0EE = {
						CreatedOnToolsVersion = 8.2;
						DevelopmentTeam = 8A26V3S962;
						ProvisioningStyle = Automatic;
					};
					A7095AB01E04E6370071D0EE = {
						CreatedOnToolsVersion = 8.2;
						DevelopmentTeam = 8A26V3S962;
						ProvisioningStyle = Automatic;
						TestTargetID = A7095A971E04E6370071D0EE;
					};
					A7095ABB1E04E6370071D0EE = {
						CreatedOnToolsVersion = 8.2;
						DevelopmentTeam = 8A26V3S962;
						ProvisioningStyle = Automatic;
						TestTargetID = A7095A971E04E6370071D0EE;
					};
				};
			};
			buildConfigurationList = A7095A931E04E6370071D0EE /* Build configuration list for PBXProject "CoreLocationTool" */;
			compatibilityVersion = "Xcode 3.2";
			developmentRegion = English;
			hasScannedForEncodings = 0;
			knownRegions = (
				en,
				Base,
			);
			mainGroup = A7095A8F1E04E6370071D0EE;
			productRefGroup = A7095A991E04E6370071D0EE /* Products */;
			projectDirPath = "";
			projectRoot = "";
			targets = (
				A7095A971E04E6370071D0EE /* CoreLocationTool */,
				A7095AB01E04E6370071D0EE /* CoreLocationToolTests */,
				A7095ABB1E04E6370071D0EE /* CoreLocationToolUITests */,
			);
		};
/* End PBXProject section */

/* Begin PBXResourcesBuildPhase section */
		A7095A961E04E6370071D0EE /* Resources */ = {
			isa = PBXResourcesBuildPhase;
			buildActionMask = 2147483647;
			files = (
				A7095AAB1E04E6370071D0EE /* LaunchScreen.storyboard in Resources */,
				A7095AA81E04E6370071D0EE /* Assets.xcassets in Resources */,
				A7095AA61E04E6370071D0EE /* Main.storyboard in Resources */,
			);
			runOnlyForDeploymentPostprocessing = 0;
		};
		A7095AAF1E04E6370071D0EE /* Resources */ = {
			isa = PBXResourcesBuildPhase;
			buildActionMask = 2147483647;
			files = (
			);
			runOnlyForDeploymentPostprocessing = 0;
		};
		A7095ABA1E04E6370071D0EE /* Resources */ = {
			isa = PBXResourcesBuildPhase;
			buildActionMask = 2147483647;
			files = (
			);
			runOnlyForDeploymentPostprocessing = 0;
		};
/* End PBXResourcesBuildPhase section */

/* Begin PBXSourcesBuildPhase section */
		A7095A941E04E6370071D0EE /* Sources */ = {
			isa = PBXSourcesBuildPhase;
			buildActionMask = 2147483647;
			files = (
				A7095AA01E04E6370071D0EE /* AppDelegate.m in Sources */,
				A7144FA01E2A29670058C721 /* SLLocationTool.m in Sources */,
				A7144FA11E2A29670058C721 /* ViewController.m in Sources */,
				A7095A9D1E04E6370071D0EE /* main.m in Sources */,
			);
			runOnlyForDeploymentPostprocessing = 0;
		};
		A7095AAD1E04E6370071D0EE /* Sources */ = {
			isa = PBXSourcesBuildPhase;
			buildActionMask = 2147483647;
			files = (
				A7095AB61E04E6370071D0EE /* CoreLocationToolTests.m in Sources */,
			);
			runOnlyForDeploymentPostprocessing = 0;
		};
		A7095AB81E04E6370071D0EE /* Sources */ = {
			isa = PBXSourcesBuildPhase;
			buildActionMask = 2147483647;
			files = (
				A7095AC11E04E6370071D0EE /* CoreLocationToolUITests.m in Sources */,
			);
			runOnlyForDeploymentPostprocessing = 0;
		};
/* End PBXSourcesBuildPhase section */

/* Begin PBXTargetDependency section */
		A7095AB31E04E6370071D0EE /* PBXTargetDependency */ = {
			isa = PBXTargetDependency;
			target = A7095A971E04E6370071D0EE /* CoreLocationTool */;
			targetProxy = A7095AB21E04E6370071D0EE /* PBXContainerItemProxy */;
		};
		A7095ABE1E04E6370071D0EE /* PBXTargetDependency */ = {
			isa = PBXTargetDependency;
			target = A7095A971E04E6370071D0EE /* CoreLocationTool */;
			targetProxy = A7095ABD1E04E6370071D0EE /* PBXContainerItemProxy */;
		};
/* End PBXTargetDependency section */

/* Begin PBXVariantGroup section */
		A7095AA41E04E6370071D0EE /* Main.storyboard */ = {
			isa = PBXVariantGroup;
			children = (
				A7095AA51E04E6370071D0EE /* Base */,
			);
			name = Main.storyboard;
			sourceTree = "<group>";
		};
		A7095AA91E04E6370071D0EE /* LaunchScreen.storyboard */ = {
			isa = PBXVariantGroup;
			children = (
				A7095AAA1E04E6370071D0EE /* Base */,
			);
			name = LaunchScreen.storyboard;
			sourceTree = "<group>";
		};
/* End PBXVariantGroup section */

/* Begin XCBuildConfiguration section */
		A7095AC31E04E6370071D0EE /* Debug */ = {
			isa = XCBuildConfiguration;
			buildSettings = {
				ALWAYS_SEARCH_USER_PATHS = NO;
				CLANG_ANALYZER_NONNULL = YES;
				CLANG_CXX_LANGUAGE_STANDARD = "gnu++0x";
				CLANG_CXX_LIBRARY = "libc++";
				CLANG_ENABLE_MODULES = YES;
				CLANG_ENABLE_OBJC_ARC = YES;
				CLANG_WARN_BOOL_CONVERSION = YES;
				CLANG_WARN_CONSTANT_CONVERSION = YES;
				CLANG_WARN_DIRECT_OBJC_ISA_USAGE = YES_ERROR;
				CLANG_WARN_DOCUMENTATION_COMMENTS = YES;
				CLANG_WARN_EMPTY_BODY = YES;
				CLANG_WARN_ENUM_CONVERSION = YES;
				CLANG_WARN_INFINITE_RECURSION = YES;
				CLANG_WARN_INT_CONVERSION = YES;
				CLANG_WARN_OBJC_ROOT_CLASS = YES_ERROR;
				CLANG_WARN_SUSPICIOUS_MOVE = YES;
				CLANG_WARN_UNREACHABLE_CODE = YES;
				CLANG_WARN__DUPLICATE_METHOD_MATCH = YES;
				"CODE_SIGN_IDENTITY[sdk=iphoneos*]" = "iPhone Developer";
				COPY_PHASE_STRIP = NO;
				DEBUG_INFORMATION_FORMAT = dwarf;
				ENABLE_STRICT_OBJC_MSGSEND = YES;
				ENABLE_TESTABILITY = YES;
				GCC_C_LANGUAGE_STANDARD = gnu99;
				GCC_DYNAMIC_NO_PIC = NO;
				GCC_NO_COMMON_BLOCKS = YES;
				GCC_OPTIMIZATION_LEVEL = 0;
				GCC_PREPROCESSOR_DEFINITIONS = (
					"DEBUG=1",
					"$(inherited)",
				);
				GCC_WARN_64_TO_32_BIT_CONVERSION = YES;
				GCC_WARN_ABOUT_RETURN_TYPE = YES_ERROR;
				GCC_WARN_UNDECLARED_SELECTOR = YES;
				GCC_WARN_UNINITIALIZED_AUTOS = YES_AGGRESSIVE;
				GCC_WARN_UNUSED_FUNCTION = YES;
				GCC_WARN_UNUSED_VARIABLE = YES;
				IPHONEOS_DEPLOYMENT_TARGET = 10.2;
				MTL_ENABLE_DEBUG_INFO = YES;
				ONLY_ACTIVE_ARCH = YES;
				SDKROOT = iphoneos;
			};
			name = Debug;
		};
		A7095AC41E04E6370071D0EE /* Release */ = {
			isa = XCBuildConfiguration;
			buildSettings = {
				ALWAYS_SEARCH_USER_PATHS = NO;
				CLANG_ANALYZER_NONNULL = YES;
				CLANG_CXX_LANGUAGE_STANDARD = "gnu++0x";
				CLANG_CXX_LIBRARY = "libc++";
				CLANG_ENABLE_MODULES = YES;
				CLANG_ENABLE_OBJC_ARC = YES;
				CLANG_WARN_BOOL_CONVERSION = YES;
				CLANG_WARN_CONSTANT_CONVERSION = YES;
				CLANG_WARN_DIRECT_OBJC_ISA_USAGE = YES_ERROR;
				CLANG_WARN_DOCUMENTATION_COMMENTS = YES;
				CLANG_WARN_EMPTY_BODY = YES;
				CLANG_WARN_ENUM_CONVERSION = YES;
				CLANG_WARN_INFINITE_RECURSION = YES;
				CLANG_WARN_INT_CONVERSION = YES;
				CLANG_WARN_OBJC_ROOT_CLASS = YES_ERROR;
				CLANG_WARN_SUSPICIOUS_MOVE = YES;
				CLANG_WARN_UNREACHABLE_CODE = YES;
				CLANG_WARN__DUPLICATE_METHOD_MATCH = YES;
				"CODE_SIGN_IDENTITY[sdk=iphoneos*]" = "iPhone Developer";
				COPY_PHASE_STRIP = NO;
				DEBUG_INFORMATION_FORMAT = "dwarf-with-dsym";
				ENABLE_NS_ASSERTIONS = NO;
				ENABLE_STRICT_OBJC_MSGSEND = YES;
				GCC_C_LANGUAGE_STANDARD = gnu99;
				GCC_NO_COMMON_BLOCKS = YES;
				GCC_WARN_64_TO_32_BIT_CONVERSION = YES;
				GCC_WARN_ABOUT_RETURN_TYPE = YES_ERROR;
				GCC_WARN_UNDECLARED_SELECTOR = YES;
				GCC_WARN_UNINITIALIZED_AUTOS = YES_AGGRESSIVE;
				GCC_WARN_UNUSED_FUNCTION = YES;
				GCC_WARN_UNUSED_VARIABLE = YES;
				IPHONEOS_DEPLOYMENT_TARGET = 10.2;
				MTL_ENABLE_DEBUG_INFO = NO;
				SDKROOT = iphoneos;
				VALIDATE_PRODUCT = YES;
			};
			name = Release;
		};
		A7095AC61E04E6370071D0EE /* Debug */ = {
			isa = XCBuildConfiguration;
			buildSettings = {
				ASSETCATALOG_COMPILER_APPICON_NAME = AppIcon;
				DEVELOPMENT_TEAM = 8A26V3S962;
				INFOPLIST_FILE = CoreLocationTool/Info.plist;
				LD_RUNPATH_SEARCH_PATHS = "$(inherited) @executable_path/Frameworks";
				PRODUCT_BUNDLE_IDENTIFIER = Liangyizhong.CoreLocationTool;
				PRODUCT_NAME = "$(TARGET_NAME)";
			};
			name = Debug;
		};
		A7095AC71E04E6370071D0EE /* Release */ = {
			isa = XCBuildConfiguration;
			buildSettings = {
				ASSETCATALOG_COMPILER_APPICON_NAME = AppIcon;
				DEVELOPMENT_TEAM = 8A26V3S962;
				INFOPLIST_FILE = CoreLocationTool/Info.plist;
				LD_RUNPATH_SEARCH_PATHS = "$(inherited) @executable_path/Frameworks";
				PRODUCT_BUNDLE_IDENTIFIER = Liangyizhong.CoreLocationTool;
				PRODUCT_NAME = "$(TARGET_NAME)";
			};
			name = Release;
		};
		A7095AC91E04E6370071D0EE /* Debug */ = {
			isa = XCBuildConfiguration;
			buildSettings = {
				BUNDLE_LOADER = "$(TEST_HOST)";
				DEVELOPMENT_TEAM = 8A26V3S962;
				INFOPLIST_FILE = CoreLocationToolTests/Info.plist;
				LD_RUNPATH_SEARCH_PATHS = "$(inherited) @executable_path/Frameworks @loader_path/Frameworks";
				PRODUCT_BUNDLE_IDENTIFIER = Liangyizhong.CoreLocationToolTests;
				PRODUCT_NAME = "$(TARGET_NAME)";
				TEST_HOST = "$(BUILT_PRODUCTS_DIR)/CoreLocationTool.app/CoreLocationTool";
			};
			name = Debug;
		};
		A7095ACA1E04E6370071D0EE /* Release */ = {
			isa = XCBuildConfiguration;
			buildSettings = {
				BUNDLE_LOADER = "$(TEST_HOST)";
				DEVELOPMENT_TEAM = 8A26V3S962;
				INFOPLIST_FILE = CoreLocationToolTests/Info.plist;
				LD_RUNPATH_SEARCH_PATHS = "$(inherited) @executable_path/Frameworks @loader_path/Frameworks";
				PRODUCT_BUNDLE_IDENTIFIER = Liangyizhong.CoreLocationToolTests;
				PRODUCT_NAME = "$(TARGET_NAME)";
				TEST_HOST = "$(BUILT_PRODUCTS_DIR)/CoreLocationTool.app/CoreLocationTool";
			};
			name = Release;
		};
		A7095ACC1E04E6370071D0EE /* Debug */ = {
			isa = XCBuildConfiguration;
			buildSettings = {
				DEVELOPMENT_TEAM = 8A26V3S962;
				INFOPLIST_FILE = CoreLocationToolUITests/Info.plist;
				LD_RUNPATH_SEARCH_PATHS = "$(inherited) @executable_path/Frameworks @loader_path/Frameworks";
				PRODUCT_BUNDLE_IDENTIFIER = Liangyizhong.CoreLocationToolUITests;
				PRODUCT_NAME = "$(TARGET_NAME)";
				TEST_TARGET_NAME = CoreLocationTool;
			};
			name = Debug;
		};
		A7095ACD1E04E6370071D0EE /* Release */ = {
			isa = XCBuildConfiguration;
			buildSettings = {
				DEVELOPMENT_TEAM = 8A26V3S962;
				INFOPLIST_FILE = CoreLocationToolUITests/Info.plist;
				LD_RUNPATH_SEARCH_PATHS = "$(inherited) @executable_path/Frameworks @loader_path/Frameworks";
				PRODUCT_BUNDLE_IDENTIFIER = Liangyizhong.CoreLocationToolUITests;
				PRODUCT_NAME = "$(TARGET_NAME)";
				TEST_TARGET_NAME = CoreLocationTool;
			};
			name = Release;
		};
/* End XCBuildConfiguration section */

/* Begin XCConfigurationList section */
		A7095A931E04E6370071D0EE /* Build configuration list for PBXProject "CoreLocationTool" */ = {
			isa = XCConfigurationList;
			buildConfigurations = (
				A7095AC31E04E6370071D0EE /* Debug */,
				A7095AC41E04E6370071D0EE /* Release */,
			);
			defaultConfigurationIsVisible = 0;
			defaultConfigurationName = Release;
		};
		A7095AC51E04E6370071D0EE /* Build configuration list for PBXNativeTarget "CoreLocationTool" */ = {
			isa = XCConfigurationList;
			buildConfigurations = (
				A7095AC61E04E6370071D0EE /* Debug */,
				A7095AC71E04E6370071D0EE /* Release */,
			);
			defaultConfigurationIsVisible = 0;
			defaultConfigurationName = Release;
		};
		A7095AC81E04E6370071D0EE /* Build configuration list for PBXNativeTarget "CoreLocationToolTests" */ = {
			isa = XCConfigurationList;
			buildConfigurations = (
				A7095AC91E04E6370071D0EE /* Debug */,
				A7095ACA1E04E6370071D0EE /* Release */,
			);
			defaultConfigurationIsVisible = 0;
			defaultConfigurationName = Release;
		};
		A7095ACB1E04E6370071D0EE /* Build configuration list for PBXNativeTarget "CoreLocationToolUITests" */ = {
			isa = XCConfigurationList;
			buildConfigurations = (
				A7095ACC1E04E6370071D0EE /* Debug */,
				A7095ACD1E04E6370071D0EE /* Release */,
			);
			defaultConfigurationIsVisible = 0;
			defaultConfigurationName = Release;
		};
/* End XCConfigurationList section */
	};
	rootObject = A7095A901E04E6370071D0EE /* Project object */;
}
